# This file was autogenerated by Stack.
# You should not edit this file by hand.
# For more information, please see the documentation at:
#   https://docs.haskellstack.org/en/stable/lock_files

packages: []
snapshots:
- completed:
    size: 586041
    url: https://raw.githubusercontent.com/commercialhaskell/stackage-snapshots/master/lts/18/11.yaml
    sha256: ae30d25a4691c6bb32b5766c617dff24270b2b3576ebd6047d754418e9256389
  original: lts-18.11
